
Microsoft Visual Studio Solution File, Format Version 12.00
# Visual Studio Version 17
VisualStudioVersion = 17.5.33516.290
MinimumVisualStudioVersion = 10.0.40219.1
Project("{FAE04EC0-301F-11D3-BF4B-00C04F79EFBC}") = "MailWithParams", "MailWithParams\MailWithParams.csproj", "{D737BCBB-A733-4D6C-9423-0E51F23DF7F5}"
EndProject
Global
	GlobalSection(SolutionConfigurationPlatforms) = preSolution
		Debug|Any CPU = Debug|Any CPU
		Release|Any CPU = Release|Any CPU
	EndGlobalSection
	GlobalSection(ProjectConfigurationPlatforms) = postSolution
		{D737BCBB-A733-4D6C-9423-0E51F23DF7F5}.Debug|Any CPU.ActiveCfg = Debug|Any CPU
		{D737BCBB-A733-4D6C-9423-0E51F23DF7F5}.Debug|Any CPU.Build.0 = Debug|Any CPU
		{D737BCBB-A733-4D6C-9423-0E51F23DF7F5}.Release|Any CPU.ActiveCfg = Release|Any CPU
		{D737BCBB-A733-4D6C-9423-0E51F23DF7F5}.Release|Any CPU.Build.0 = Release|Any CPU
	EndGlobalSection
	GlobalSection(SolutionProperties) = preSolution
		HideSolutionNode = FALSE
	EndGlobalSection
	GlobalSection(ExtensibilityGlobals) = postSolution
		SolutionGuid = {1AFCB90F-5CC6-4366-BDCC-E71ED5008BDD}
	EndGlobalSection
EndGlobal
